{
  "name": "tfm_vaccine",
  "version": "1.0.0",
  "lockfileVersion": 1,
  "requires": true,
  "dependencies": {
    "@openzeppelin/contracts": {
      "version": "4.5.0",
      "resolved": "https://globaldevtools.bbva.com:443/artifactory/api/npm/npm-repo/@openzeppelin/contracts/-/contracts-4.5.0.tgz",
      "integrity": "sha1-P9ddV94XKzdDzfwSBog/VkMECcw="
    }
  }
}
